
Microsoft Visual Studio Solution File, Format Version 12.00
# Visual Studio Version 17
VisualStudioVersion = 17.3.32804.467
MinimumVisualStudioVersion = 10.0.40219.1
Project("{FAE04EC0-301F-11D3-BF4B-00C04F79EFBC}") = "AppsServices", "APPS\AppsServices.csproj", "{148A9578-98FD-40A6-9818-EC4D88E36BD4}"
EndProject
Global
	GlobalSection(SolutionConfigurationPlatforms) = preSolution
		Debug|Any CPU = Debug|Any CPU
		Release|Any CPU = Release|Any CPU
	EndGlobalSection
	GlobalSection(ProjectConfigurationPlatforms) = postSolution
		{148A9578-98FD-40A6-9818-EC4D88E36BD4}.Debug|Any CPU.ActiveCfg = Debug|Any CPU
		{148A9578-98FD-40A6-9818-EC4D88E36BD4}.Debug|Any CPU.Build.0 = Debug|Any CPU
		{148A9578-98FD-40A6-9818-EC4D88E36BD4}.Release|Any CPU.ActiveCfg = Release|Any CPU
		{148A9578-98FD-40A6-9818-EC4D88E36BD4}.Release|Any CPU.Build.0 = Release|Any CPU
	EndGlobalSection
	GlobalSection(SolutionProperties) = preSolution
		HideSolutionNode = FALSE
	EndGlobalSection
	GlobalSection(ExtensibilityGlobals) = postSolution
		SolutionGuid = {635AE048-CB32-4951-B0B6-25E9B511FEC5}
	EndGlobalSection
EndGlobal
